
Microsoft Visual Studio Solution File, Format Version 12.00
# Visual Studio Version 16
VisualStudioVersion = 16.0.31702.278
MinimumVisualStudioVersion = 10.0.40219.1
Project("{FAE04EC0-301F-11D3-BF4B-00C04F79EFBC}") = "Tic_Toc_Toe_Workshop", "Tic_Toc_Toe_Workshop\Tic_Toc_Toe_Workshop.csproj", "{17FB8C07-E251-4BD0-9CE1-209AD79C84CF}"
EndProject
Global
	GlobalSection(SolutionConfigurationPlatforms) = preSolution
		Debug|Any CPU = Debug|Any CPU
		Release|Any CPU = Release|Any CPU
	EndGlobalSection
	GlobalSection(ProjectConfigurationPlatforms) = postSolution
		{17FB8C07-E251-4BD0-9CE1-209AD79C84CF}.Debug|Any CPU.ActiveCfg = Debug|Any CPU
		{17FB8C07-E251-4BD0-9CE1-209AD79C84CF}.Debug|Any CPU.Build.0 = Debug|Any CPU
		{17FB8C07-E251-4BD0-9CE1-209AD79C84CF}.Release|Any CPU.ActiveCfg = Release|Any CPU
		{17FB8C07-E251-4BD0-9CE1-209AD79C84CF}.Release|Any CPU.Build.0 = Release|Any CPU
	EndGlobalSection
	GlobalSection(SolutionProperties) = preSolution
		HideSolutionNode = FALSE
	EndGlobalSection
	GlobalSection(ExtensibilityGlobals) = postSolution
		SolutionGuid = {AC3967CB-B310-4FED-96A9-9283DA89E798}
	EndGlobalSection
EndGlobal
